# This file was autogenerated by Stack.
# You should not edit this file by hand.
# For more information, please see the documentation at:
#   https://docs.haskellstack.org/en/stable/lock_files

packages:
- completed:
    hackage: persistent-vector-0.2.0@sha256:77495d7f4c31f6e9b65eb707f25049fa15670d3d9e233e65e4cdb0732b44341d,2645
    pantry-tree:
      sha256: 16bf00135443c9cc5901789d60b7bad668eb1d926f52c161ee19120fb2079cb9
      size: 524
  original:
    hackage: persistent-vector-0.2.0@sha256:77495d7f4c31f6e9b65eb707f25049fa15670d3d9e233e65e4cdb0732b44341d,2645
snapshots:
- completed:
    sha256: 56ef9e03804cb4827866e762dc9752eeb392adda8f4811690da110dd9a165b9e
    size: 714105
    url: https://raw.githubusercontent.com/commercialhaskell/stackage-snapshots/master/lts/22/8.yaml
  original:
    url: https://raw.githubusercontent.com/commercialhaskell/stackage-snapshots/master/lts/22/8.yaml
